directories:
    modules: .wippy
    src: ./src
modules:
    - name: chicago/shell
      version: 0.2.0
      source: github.com/chicago-desktop/shell
      commit: 3903352d94c43c6b1eb7eb846c5288fe2a18a2c7
      local_hash: sha256-tree-v1:f6c370a42752d4e2a85d7100d228ba9adb67f7d40da4a39dee55cb791aa3a6c6
    - name: chicago/tui-desktop
      version: 0.2.0
      source: github.com/chicago-desktop/tui-desktop
      commit: 4a946604767059b248b3fed724c308a5f09c50fc
      local_hash: sha256-tree-v1:5d2265ae39d08badb662b04a505c6f35d516d8c2093877b1806dc3a59e7daef4
    - name: chicago/weather
      version: 0.0.0
    - name: wippy/bootloader
      version: 0.3.14
      hash: aa5e32807eba6a5ea0e5a224069a006288f58605c4542a444f5469caee862c58
    - name: wippy/migration
      version: 0.3.18
      hash: e00cad6706bb95f556aeab5318a04e55d3884c027b09f6340fc4e7d69c905a17
    - name: wippy/security
      version: 0.4.2
      hash: 9020016afc9de612f5297d38ce99e8500c63a2986077e8b0e560d8636c506627
    - name: wippy/terminal
      version: 0.4.5
      hash: 028180c6044cdd9bbe15330255a4926770e02a291511930264a615f6388824f0
    - name: wippy/test
      version: 0.4.17
      hash: 37a304cc20aa3005004255e9fda16835a94119db520c0c97e1db044c7844a229
